{
  "nodes": {
    "antigravity-nix": {
      "inputs": {
        "flake-utils": "flake-utils",
        "nixpkgs": [
          "nixpkgs-unstable"
        ]
      },
      "locked": {
        "lastModified": 1790060706,
        "narHash": "sha256-QwMdfQVAVoTmlJt3pz/OKTh08tSivyYYNnANdW/NfoY=",
        "owner": "UnbreakableMJ",
        "repo": "antigravity-nix",
        "rev": "1fb6e0122daded40c27f50778c1a98afefff4df8",
        "type": "github"
      },
      "original": {
        "owner": "UnbreakableMJ",
        "repo": "antigravity-nix",
        "type": "github"
      }
    },
    "construct": {
      "inputs": {
        "nixpkgs": [
          "nixpkgs-unstable"
        ]
      },
      "locked": {
        "lastModified": 1789504900,
        "narHash": "sha256-xt3eOEwHKpGung6wi+VcWr78J/5GTRexrpEm317o1Cc=",
        "owner": "Spacecraft-Software",
        "repo": "Construct",
        "rev": "9e42067f4578039a44edb620bcd4995b1bb720e4",
        "type": "github"
      },
      "original": {
        "owner": "Spacecraft-Software",
        "repo": "Construct",
        "type": "github"
      }
    },
    "engram": {
      "inputs": {
        "flake-utils": "flake-utils_2",
        "nixpkgs": [
          "nixpkgs-unstable"
        ]
      },
      "locked": {
        "lastModified": 1789239723,
        "narHash": "sha256-zjqe6u7pmun9fLNHmpZ1Hdu1qqZo20nBYmQNxUT0HWU=",
        "owner": "Spacecraft-Software",
        "repo": "Engram",
        "rev": "67752a69c6979eb0f88e7cc9b0aceb1044200242",
        "type": "github"
      },
      "original": {
        "owner": "Spacecraft-Software",
        "repo": "Engram",
        "type": "github"
      }
    },
    "flake-utils": {
      "inputs": {
        "systems": "systems"
      },
      "locked": {
        "lastModified": 1731533236,
        "narHash": "sha256-l0KFg5HjrsfsO/JpG+r7fRrqm12kzFHyUHqHCVpMMbI=",
        "owner": "numtide",
        "repo": "flake-utils",
        "rev": "11707dc2f618dd54ca8739b309ec4fc024de578b",
        "type": "github"
      },
      "original": {
        "owner": "numtide",
        "repo": "flake-utils",
        "type": "github"
      }
    },
    "flake-utils_2": {
      "inputs": {
        "systems": "systems_2"
      },
      "locked": {
        "lastModified": 1731533236,
        "narHash": "sha256-l0KFg5HjrsfsO/JpG+r7fRrqm12kzFHyUHqHCVpMMbI=",
        "owner": "numtide",
        "repo": "flake-utils",
        "rev": "11707dc2f618dd54ca8739b309ec4fc024de578b",
        "type": "github"
      },
      "original": {
        "owner": "numtide",
        "repo": "flake-utils",
        "type": "github"
      }
    },
    "flake-utils_3": {
      "inputs": {
        "systems": "systems_3"
      },
      "locked": {
        "lastModified": 1731533236,
        "narHash": "sha256-l0KFg5HjrsfsO/JpG+r7fRrqm12kzFHyUHqHCVpMMbI=",
        "owner": "numtide",
        "repo": "flake-utils",
        "rev": "11707dc2f618dd54ca8739b309ec4fc024de578b",
        "type": "github"
      },
      "original": {
        "owner": "numtide",
        "repo": "flake-utils",
        "type": "github"
      }
    },
    "flake-utils_4": {
      "inputs": {
        "systems": "systems_4"
      },
      "locked": {
        "lastModified": 1731533236,
        "narHash": "sha256-l0KFg5HjrsfsO/JpG+r7fRrqm12kzFHyUHqHCVpMMbI=",
        "owner": "numtide",
        "repo": "flake-utils",
        "rev": "11707dc2f618dd54ca8739b309ec4fc024de578b",
        "type": "github"
      },
      "original": {
        "owner": "numtide",
        "repo": "flake-utils",
        "type": "github"
      }
    },
    "gitway": {
      "inputs": {
        "flake-utils": "flake-utils_3",
        "nixpkgs": [
          "nixpkgs-unstable"
        ]
      },
      "locked": {
        "lastModified": 1785061373,
        "narHash": "sha256-840C32ai1nwHvNiICdM1kmVTKgINxKxZUNFRaCke5T0=",
        "owner": "Spacecraft-Software",
        "repo": "Gitway",
        "rev": "2800352eb044ac3c29d1621155903b919847ae56",
        "type": "github"
      },
      "original": {
        "owner": "Spacecraft-Software",
        "repo": "Gitway",
        "type": "github"
      }
    },
    "home-manager": {
      "inputs": {
        "nixpkgs": [
          "nixpkgs"
        ]
      },
      "locked": {
        "lastModified": 1789267039,
        "narHash": "sha256-LWiBv9yAYFi2LPbUhDGHPGKYskJQjj2fw12OlyO1uQo=",
        "owner": "nix-community",
        "repo": "home-manager",
        "rev": "ec172013fa62135f58fb58dd17ae9651e8f39727",
        "type": "github"
      },
      "original": {
        "owner": "nix-community",
        "ref": "release-26.05",
        "repo": "home-manager",
        "type": "github"
      }
    },
    "home-manager-unstable": {
      "inputs": {
        "nixpkgs": [
          "nixpkgs-unstable"
        ]
      },
      "locked": {
        "lastModified": 1790128814,
        "narHash": "sha256-6Gm9q+wW3E4Ey4F6wEbJAwaMsEK6hvCYfTW7yY64ZfA=",
        "owner": "nix-community",
        "repo": "home-manager",
        "rev": "0b2f1129177f70c5f0f5d88bb53c49ca47d0bfc0",
        "type": "github"
      },
      "original": {
        "owner": "nix-community",
        "repo": "home-manager",
        "type": "github"
      }
    },
    "mcp-servers": {
      "inputs": {
        "nixpkgs": [
          "nixpkgs-unstable"
        ]
      },
      "locked": {
        "lastModified": 1789239740,
        "narHash": "sha256-y7Pwm4BbAOZq7N7e9lO1cbqcveYQem+gdzJjNI2lpZA=",
        "owner": "Spacecraft-Software",
        "repo": "mcp-servers",
        "rev": "44de07ba44cb34977e7e239ece15417452e4d0a2",
        "type": "github"
      },
      "original": {
        "owner": "Spacecraft-Software",
        "repo": "mcp-servers",
        "type": "github"
      }
    },
    "nil": {
      "inputs": {
        "nixpkgs": [
          "nixpkgs-unstable"
        ]
      },
      "locked": {
        "lastModified": 1765326831,
        "narHash": "sha256-18j8X2Nbe0Wg1+7YrWRlYzmjZ5Wq0NCVwJHJlBIw/dc=",
        "owner": "UnbreakableMJ",
        "repo": "nil",
        "rev": "504599f7e555a249d6754698473124018b80d121",
        "type": "github"
      },
      "original": {
        "owner": "UnbreakableMJ",
        "repo": "nil",
        "type": "github"
      }
    },
    "nix-flatpak": {
      "locked": {
        "lastModified": 1789496567,
        "narHash": "sha256-f9ze1ph2u0lk/Hm7/w/OvC0ESL1z0LbQ5UDgcOwQzLM=",
        "owner": "gmodena",
        "repo": "nix-flatpak",
        "rev": "07e8980c2fe421c93c0749f6246db34422827f67",
        "type": "github"
      },
      "original": {
        "owner": "gmodena",
        "repo": "nix-flatpak",
        "type": "github"
      }
    },
    "nixpkgs": {
      "locked": {
        "lastModified": 1789998861,
        "narHash": "sha256-62XMQD4WLdMAfdT0/8gJmPH2dKeTw908ryNloAplTr8=",
        "owner": "nixos",
        "repo": "nixpkgs",
        "rev": "1e8bc658fc985ef27ccd66d107d767b32bb7ef98",
        "type": "github"
      },
      "original": {
        "owner": "nixos",
        "ref": "nixos-26.05",
        "repo": "nixpkgs",
        "type": "github"
      }
    },
    "nixpkgs-unstable": {
      "locked": {
        "lastModified": 1790046670,
        "narHash": "sha256-MYiI+CzL0tuWgRPjGsKCDHqYs2T3OzMlMQWOYWG0qso=",
        "owner": "nixos",
        "repo": "nixpkgs",
        "rev": "6774f7bc253789b113a4f39285dc0fa100abeacc",
        "type": "github"
      },
      "original": {
        "owner": "nixos",
        "ref": "nixos-unstable",
        "repo": "nixpkgs",
        "type": "github"
      }
    },
    "rapg": {
      "inputs": {
        "nixpkgs": [
          "nixpkgs-unstable"
        ]
      },
      "locked": {
        "path": "./flakes/rapg",
        "type": "path"
      },
      "original": {
        "path": "./flakes/rapg",
        "type": "path"
      },
      "parent": []
    },
    "root": {
      "inputs": {
        "antigravity-nix": "antigravity-nix",
        "construct": "construct",
        "engram": "engram",
        "gitway": "gitway",
        "home-manager": "home-manager",
        "home-manager-unstable": "home-manager-unstable",
        "mcp-servers": "mcp-servers",
        "nil": "nil",
        "nix-flatpak": "nix-flatpak",
        "nixpkgs": "nixpkgs",
        "nixpkgs-unstable": "nixpkgs-unstable",
        "rapg": "rapg",
        "theme": "theme",
        "vacuum": "vacuum"
      }
    },
    "systems": {
      "locked": {
        "lastModified": 1681028828,
        "narHash": "sha256-Vy1rq5AaRuLzOxct8nz4T6wlgyUR7zLU309k9mBC768=",
        "owner": "nix-systems",
        "repo": "default",
        "rev": "da67096a3b9bf56a91d16901293e51ba5b49a27e",
        "type": "github"
      },
      "original": {
        "owner": "nix-systems",
        "repo": "default",
        "type": "github"
      }
    },
    "systems_2": {
      "locked": {
        "lastModified": 1681028828,
        "narHash": "sha256-Vy1rq5AaRuLzOxct8nz4T6wlgyUR7zLU309k9mBC768=",
        "owner": "nix-systems",
        "repo": "default",
        "rev": "da67096a3b9bf56a91d16901293e51ba5b49a27e",
        "type": "github"
      },
      "original": {
        "owner": "nix-systems",
        "repo": "default",
        "type": "github"
      }
    },
    "systems_3": {
      "locked": {
        "lastModified": 1681028828,
        "narHash": "sha256-Vy1rq5AaRuLzOxct8nz4T6wlgyUR7zLU309k9mBC768=",
        "owner": "nix-systems",
        "repo": "default",
        "rev": "da67096a3b9bf56a91d16901293e51ba5b49a27e",
        "type": "github"
      },
      "original": {
        "owner": "nix-systems",
        "repo": "default",
        "type": "github"
      }
    },
    "systems_4": {
      "locked": {
        "lastModified": 1681028828,
        "narHash": "sha256-Vy1rq5AaRuLzOxct8nz4T6wlgyUR7zLU309k9mBC768=",
        "owner": "nix-systems",
        "repo": "default",
        "rev": "da67096a3b9bf56a91d16901293e51ba5b49a27e",
        "type": "github"
      },
      "original": {
        "owner": "nix-systems",
        "repo": "default",
        "type": "github"
      }
    },
    "theme": {
      "flake": false,
      "locked": {
        "lastModified": 1790159958,
        "narHash": "sha256-aIRiAw6rNqpqfNH35HiaIvElcoAVH+wq3OGc5Pe0zZk=",
        "owner": "Spacecraft-Software",
        "repo": "Theme",
        "rev": "19399c211d7aab301cd086179c9d73c550611759",
        "type": "github"
      },
      "original": {
        "owner": "Spacecraft-Software",
        "repo": "Theme",
        "type": "github"
      }
    },
    "vacuum": {
      "inputs": {
        "flake-utils": "flake-utils_4",
        "nixpkgs": [
          "nixpkgs-unstable"
        ]
      },
      "locked": {
        "lastModified": 1786098381,
        "narHash": "sha256-D+kUEYVV6noh3kcGTmihPU3UH4fDyAJ11zDb6MOwUhg=",
        "owner": "Spacecraft-Software",
        "repo": "Vacuum",
        "rev": "7a00f575617b9b83a2018254c0961d41881b4aaf",
        "type": "github"
      },
      "original": {
        "owner": "Spacecraft-Software",
        "repo": "Vacuum",
        "type": "github"
      }
    }
  },
  "root": "root",
  "version": 7
}
